
Microsoft Visual Studio Solution File, Format Version 12.00
# Visual Studio 14
VisualStudioVersion = 14.0.25420.1
MinimumVisualStudioVersion = 10.0.40219.1
Project("{FAE04EC0-301F-11D3-BF4B-00C04F79EFBC}") = "ToDoList", "ToDoList\ToDoList.csproj", "{608E67D9-CD1E-44A6-AA11-D9219D77B4EF}"
EndProject
Project("{FAE04EC0-301F-11D3-BF4B-00C04F79EFBC}") = "ORM", "ORM\ORM.csproj", "{B86A03E6-2B7A-4F59-AA4E-353D1F640E14}"
EndProject
Project("{FAE04EC0-301F-11D3-BF4B-00C04F79EFBC}") = "DAL", "DAL\DAL.csproj", "{2BFAB206-88B6-4547-9E9A-9204DD36A849}"
EndProject
Project("{FAE04EC0-301F-11D3-BF4B-00C04F79EFBC}") = "BLL", "BLL\BLL.csproj", "{17535C51-6D99-48EF-B0C6-734357F20AAD}"
EndProject
Global
	GlobalSection(SolutionConfigurationPlatforms) = preSolution
		Debug|Any CPU = Debug|Any CPU
		Release|Any CPU = Release|Any CPU
	EndGlobalSection
	GlobalSection(ProjectConfigurationPlatforms) = postSolution
		{608E67D9-CD1E-44A6-AA11-D9219D77B4EF}.Debug|Any CPU.ActiveCfg = Debug|Any CPU
		{608E67D9-CD1E-44A6-AA11-D9219D77B4EF}.Debug|Any CPU.Build.0 = Debug|Any CPU
		{608E67D9-CD1E-44A6-AA11-D9219D77B4EF}.Release|Any CPU.ActiveCfg = Release|Any CPU
		{608E67D9-CD1E-44A6-AA11-D9219D77B4EF}.Release|Any CPU.Build.0 = Release|Any CPU
		{B86A03E6-2B7A-4F59-AA4E-353D1F640E14}.Debug|Any CPU.ActiveCfg = Debug|Any CPU
		{B86A03E6-2B7A-4F59-AA4E-353D1F640E14}.Debug|Any CPU.Build.0 = Debug|Any CPU
		{B86A03E6-2B7A-4F59-AA4E-353D1F640E14}.Release|Any CPU.ActiveCfg = Release|Any CPU
		{B86A03E6-2B7A-4F59-AA4E-353D1F640E14}.Release|Any CPU.Build.0 = Release|Any CPU
		{2BFAB206-88B6-4547-9E9A-9204DD36A849}.Debug|Any CPU.ActiveCfg = Debug|Any CPU
		{2BFAB206-88B6-4547-9E9A-9204DD36A849}.Debug|Any CPU.Build.0 = Debug|Any CPU
		{2BFAB206-88B6-4547-9E9A-9204DD36A849}.Release|Any CPU.ActiveCfg = Release|Any CPU
		{2BFAB206-88B6-4547-9E9A-9204DD36A849}.Release|Any CPU.Build.0 = Release|Any CPU
		{17535C51-6D99-48EF-B0C6-734357F20AAD}.Debug|Any CPU.ActiveCfg = Debug|Any CPU
		{17535C51-6D99-48EF-B0C6-734357F20AAD}.Debug|Any CPU.Build.0 = Debug|Any CPU
		{17535C51-6D99-48EF-B0C6-734357F20AAD}.Release|Any CPU.ActiveCfg = Release|Any CPU
		{17535C51-6D99-48EF-B0C6-734357F20AAD}.Release|Any CPU.Build.0 = Release|Any CPU
	EndGlobalSection
	GlobalSection(SolutionProperties) = preSolution
		HideSolutionNode = FALSE
	EndGlobalSection
EndGlobal
